{
  "name": "piipovo_stranky",
  "lockfileVersion": 2,
  "requires": true,
  "packages": {
    "": {
      "dependencies": {
        "tone": "^14.7.77"
      }
    },
    "node_modules/@babel/runtime": {
      "version": "7.19.4",
      "resolved": "https://registry.npmjs.org/@babel/runtime/-/runtime-7.19.4.tgz",
      "integrity": "sha512-EXpLCrk55f+cYqmHsSR+yD/0gAIMxxA9QK9lnQWzhMCvt+YmoBN7Zx94s++Kv0+unHk39vxNO8t+CMA2WSS3wA==",
      "dependencies": {
        "regenerator-runtime": "^0.13.4"
      },
      "engines": {
        "node": ">=6.9.0"
      }
    },
    "node_modules/automation-events": {
      "version": "4.0.21",
      "resolved": "https://registry.npmjs.org/automation-events/-/automation-events-4.0.21.tgz",
      "integrity": "sha512-VJdSzclxoBVAqE4UAwmqPLHAM3EI2iYhZ2MADdQnjFlW/GE17B47aQ6y9JE9up2bf8f7I5RfqGhJM464jPMzww==",
      "dependencies": {
        "@babel/runtime": "^7.19.0",
        "tslib": "^2.4.0"
      },
      "engines": {
        "node": ">=12.20.1"
      }
    },
    "node_modules/regenerator-runtime": {
      "version": "0.13.10",
      "resolved": "https://registry.npmjs.org/regenerator-runtime/-/regenerator-runtime-0.13.10.tgz",
      "integrity": "sha512-KepLsg4dU12hryUO7bp/axHAKvwGOCV0sGloQtpagJ12ai+ojVDqkeGSiRX1zlq+kjIMZ1t7gpze+26QqtdGqw=="
    },
    "node_modules/standardized-audio-context": {
      "version": "25.3.32",
      "resolved": "https://registry.npmjs.org/standardized-audio-context/-/standardized-audio-context-25.3.32.tgz",
      "integrity": "sha512-TtnRZGzHaTowIrEPo7w7WK74TrrY885NpplFpD79h85YuUAUBrUGifHlh8GK11oyZHfwDtCV29yFPfIHWotrXg==",
      "dependencies": {
        "@babel/runtime": "^7.19.0",
        "automation-events": "^4.0.21",
        "tslib": "^2.4.0"
      }
    },
    "node_modules/tone": {
      "version": "14.7.77",
      "resolved": "https://registry.npmjs.org/tone/-/tone-14.7.77.tgz",
      "integrity": "sha512-tCfK73IkLHyzoKUvGq47gyDyxiKLFvKiVCOobynGgBB9Dl0NkxTM2p+eRJXyCYrjJwy9Y0XCMqD3uOYsYt2Fdg==",
      "dependencies": {
        "standardized-audio-context": "^25.1.8",
        "tslib": "^2.0.1"
      }
    },
    "node_modules/tslib": {
      "version": "2.4.0",
      "resolved": "https://registry.npmjs.org/tslib/-/tslib-2.4.0.tgz",
      "integrity": "sha512-d6xOpEDfsi2CZVlPQzGeux8XMwLT9hssAsaPYExaQMuYskwb+x1x7J371tWlbBdWHroy99KnVB6qIkUbs5X3UQ=="
    }
  },
  "dependencies": {
    "@babel/runtime": {
      "version": "7.19.4",
      "resolved": "https://registry.npmjs.org/@babel/runtime/-/runtime-7.19.4.tgz",
      "integrity": "sha512-EXpLCrk55f+cYqmHsSR+yD/0gAIMxxA9QK9lnQWzhMCvt+YmoBN7Zx94s++Kv0+unHk39vxNO8t+CMA2WSS3wA==",
      "requires": {
        "regenerator-runtime": "^0.13.4"
      }
    },
    "automation-events": {
      "version": "4.0.21",
      "resolved": "https://registry.npmjs.org/automation-events/-/automation-events-4.0.21.tgz",
      "integrity": "sha512-VJdSzclxoBVAqE4UAwmqPLHAM3EI2iYhZ2MADdQnjFlW/GE17B47aQ6y9JE9up2bf8f7I5RfqGhJM464jPMzww==",
      "requires": {
        "@babel/runtime": "^7.19.0",
        "tslib": "^2.4.0"
      }
    },
    "regenerator-runtime": {
      "version": "0.13.10",
      "resolved": "https://registry.npmjs.org/regenerator-runtime/-/regenerator-runtime-0.13.10.tgz",
      "integrity": "sha512-KepLsg4dU12hryUO7bp/axHAKvwGOCV0sGloQtpagJ12ai+ojVDqkeGSiRX1zlq+kjIMZ1t7gpze+26QqtdGqw=="
    },
    "standardized-audio-context": {
      "version": "25.3.32",
      "resolved": "https://registry.npmjs.org/standardized-audio-context/-/standardized-audio-context-25.3.32.tgz",
      "integrity": "sha512-TtnRZGzHaTowIrEPo7w7WK74TrrY885NpplFpD79h85YuUAUBrUGifHlh8GK11oyZHfwDtCV29yFPfIHWotrXg==",
      "requires": {
        "@babel/runtime": "^7.19.0",
        "automation-events": "^4.0.21",
        "tslib": "^2.4.0"
      }
    },
    "tone": {
      "version": "14.7.77",
      "resolved": "https://registry.npmjs.org/tone/-/tone-14.7.77.tgz",
      "integrity": "sha512-tCfK73IkLHyzoKUvGq47gyDyxiKLFvKiVCOobynGgBB9Dl0NkxTM2p+eRJXyCYrjJwy9Y0XCMqD3uOYsYt2Fdg==",
      "requires": {
        "standardized-audio-context": "^25.1.8",
        "tslib": "^2.0.1"
      }
    },
    "tslib": {
      "version": "2.4.0",
      "resolved": "https://registry.npmjs.org/tslib/-/tslib-2.4.0.tgz",
      "integrity": "sha512-d6xOpEDfsi2CZVlPQzGeux8XMwLT9hssAsaPYExaQMuYskwb+x1x7J371tWlbBdWHroy99KnVB6qIkUbs5X3UQ=="
    }
  }
}
